{
  "requires": true,
  "lockfileVersion": 1,
  "dependencies": {
    "vue-router": {
      "version": "3.0.5",
      "resolved": "https://registry.npmjs.org/vue-router/-/vue-router-3.0.5.tgz",
      "integrity": "sha512-DGU+7+eeiSq/oNZ6epA/rcNkAd0m2+uugR5i4Eh4KBvclUmorvNJ6iForYjQkgvKi9GdamybaMpl85eDgxM2eQ=="
    }
  }
}
